
Microsoft Visual Studio Solution File, Format Version 12.00
# Visual Studio Version 16
VisualStudioVersion = 16.0.30503.244
MinimumVisualStudioVersion = 10.0.40219.1
Project("{9A19103F-16F7-4668-BE54-9A1E7A4F7556}") = "ComputerEquipmentStoreDatabaseImplement", "ComputerEquipmentStoreDataBaseImplement\ComputerEquipmentStoreDatabaseImplement.csproj", "{3D2C9443-B6BB-42E9-B194-7CEB298B0D0F}"
EndProject
Project("{9A19103F-16F7-4668-BE54-9A1E7A4F7556}") = "ComputerEquipmentStoreBusinessLogic", "ComputerEquipmentStoreBusinessLogic\ComputerEquipmentStoreBusinessLogic.csproj", "{26F5131E-3631-43CC-9F60-A93D3C4B37F3}"
EndProject
Project("{FAE04EC0-301F-11D3-BF4B-00C04F79EFBC}") = "ComputerEquipmentStoreViewBuyer", "ComputerEquipmentStoreView\ComputerEquipmentStoreViewBuyer.csproj", "{E1C45D65-DDC0-4E25-A8C2-B842F0066544}"
EndProject
Project("{FAE04EC0-301F-11D3-BF4B-00C04F79EFBC}") = "ComputerEquipmentStoreViewSeller", "ComputerEquipmentStoreViewSeller\ComputerEquipmentStoreViewSeller.csproj", "{214D1065-81A9-45C6-9089-449A2FB8DD85}"
EndProject
Project("{FAE04EC0-301F-11D3-BF4B-00C04F79EFBC}") = "ComputerEquipmentStoreViewSellerWpf", "ComputerEquipmentStoreViewSellerWpf\ComputerEquipmentStoreViewSellerWpf.csproj", "{6871075A-65E0-4BAF-A717-DA87BE6F64C9}"
EndProject
Global
	GlobalSection(SolutionConfigurationPlatforms) = preSolution
		Debug|Any CPU = Debug|Any CPU
		Release|Any CPU = Release|Any CPU
	EndGlobalSection
	GlobalSection(ProjectConfigurationPlatforms) = postSolution
		{3D2C9443-B6BB-42E9-B194-7CEB298B0D0F}.Debug|Any CPU.ActiveCfg = Debug|Any CPU
		{3D2C9443-B6BB-42E9-B194-7CEB298B0D0F}.Debug|Any CPU.Build.0 = Debug|Any CPU
		{3D2C9443-B6BB-42E9-B194-7CEB298B0D0F}.Release|Any CPU.ActiveCfg = Release|Any CPU
		{3D2C9443-B6BB-42E9-B194-7CEB298B0D0F}.Release|Any CPU.Build.0 = Release|Any CPU
		{26F5131E-3631-43CC-9F60-A93D3C4B37F3}.Debug|Any CPU.ActiveCfg = Debug|Any CPU
		{26F5131E-3631-43CC-9F60-A93D3C4B37F3}.Debug|Any CPU.Build.0 = Debug|Any CPU
		{26F5131E-3631-43CC-9F60-A93D3C4B37F3}.Release|Any CPU.ActiveCfg = Release|Any CPU
		{26F5131E-3631-43CC-9F60-A93D3C4B37F3}.Release|Any CPU.Build.0 = Release|Any CPU
		{E1C45D65-DDC0-4E25-A8C2-B842F0066544}.Debug|Any CPU.ActiveCfg = Debug|Any CPU
		{E1C45D65-DDC0-4E25-A8C2-B842F0066544}.Debug|Any CPU.Build.0 = Debug|Any CPU
		{E1C45D65-DDC0-4E25-A8C2-B842F0066544}.Release|Any CPU.ActiveCfg = Release|Any CPU
		{E1C45D65-DDC0-4E25-A8C2-B842F0066544}.Release|Any CPU.Build.0 = Release|Any CPU
		{214D1065-81A9-45C6-9089-449A2FB8DD85}.Debug|Any CPU.ActiveCfg = Debug|Any CPU
		{214D1065-81A9-45C6-9089-449A2FB8DD85}.Debug|Any CPU.Build.0 = Debug|Any CPU
		{214D1065-81A9-45C6-9089-449A2FB8DD85}.Release|Any CPU.ActiveCfg = Release|Any CPU
		{214D1065-81A9-45C6-9089-449A2FB8DD85}.Release|Any CPU.Build.0 = Release|Any CPU
		{6871075A-65E0-4BAF-A717-DA87BE6F64C9}.Debug|Any CPU.ActiveCfg = Debug|Any CPU
		{6871075A-65E0-4BAF-A717-DA87BE6F64C9}.Debug|Any CPU.Build.0 = Debug|Any CPU
		{6871075A-65E0-4BAF-A717-DA87BE6F64C9}.Release|Any CPU.ActiveCfg = Release|Any CPU
		{6871075A-65E0-4BAF-A717-DA87BE6F64C9}.Release|Any CPU.Build.0 = Release|Any CPU
	EndGlobalSection
	GlobalSection(SolutionProperties) = preSolution
		HideSolutionNode = FALSE
	EndGlobalSection
	GlobalSection(ExtensibilityGlobals) = postSolution
		SolutionGuid = {BE2C09F0-D158-4B1D-A557-A8983268B7D3}
	EndGlobalSection
EndGlobal
